github.com/CaiJimmy/hugo-theme-stack/v3 v3.24.1 h1:YN28bQpnt4nNzoRxgjsFeNf8B0jwOIB6EAUbelidp/I=
github.com/CaiJimmy/hugo-theme-stack/v3 v3.24.1/go.mod h1:IPmCXiIxlFSLFYS0tOmYP6ySLviyeNVSabyvSuaxD+I=
github.com/gohugoio/locales v0.14.0 h1:Q0gpsZwfv7ATHMbcTNepFd59H7GoykzWJIxi113XGDc=
github.com/gohugoio/locales v0.14.0/go.mod h1:ip8cCAv/cnmVLzzXtiTpPwgJ4xhKZranqNqtoIu0b/4=
