github.com/CaiJimmy/hugo-theme-stack/v3 v3.24.2 h1:Z7Wyz2/mh0ZCYIz24Ei9GrTi+Rwrr9SyVtiDoaAz3kc=
github.com/CaiJimmy/hugo-theme-stack/v3 v3.24.2/go.mod h1:IPmCXiIxlFSLFYS0tOmYP6ySLviyeNVSabyvSuaxD+I=
github.com/gohugoio/locales v0.14.0 h1:Q0gpsZwfv7ATHMbcTNepFd59H7GoykzWJIxi113XGDc=
github.com/gohugoio/locales v0.14.0/go.mod h1:ip8cCAv/cnmVLzzXtiTpPwgJ4xhKZranqNqtoIu0b/4=
