github.com/CaiJimmy/hugo-theme-stack/v3 v3.25.0 h1:pI9uan8QVhmjtJZBQcgRDBU/5J29yquL315hvlWwfEc=
github.com/CaiJimmy/hugo-theme-stack/v3 v3.25.0/go.mod h1:IPmCXiIxlFSLFYS0tOmYP6ySLviyeNVSabyvSuaxD+I=
github.com/gohugoio/locales v0.14.0 h1:Q0gpsZwfv7ATHMbcTNepFd59H7GoykzWJIxi113XGDc=
github.com/gohugoio/locales v0.14.0/go.mod h1:ip8cCAv/cnmVLzzXtiTpPwgJ4xhKZranqNqtoIu0b/4=
